{
    "_readme": [
        "This file locks the dependencies of your project to a known state",
        "Read more about it at https://getcomposer.org/doc/01-basic-usage.md#installing-dependencies",
        "This file is @generated automatically"
    ],
    "content-hash": "6cdc666a2e366ac035463ea3b37509f5",
    "packages": [
        {
            "name": "andri-sudarmawijaya/codeigniter-ion-auth",
            "version": "3.x-dev",
            "source": {
                "type": "git",
                "url": "https://github.com/andri-sudarmawijaya/codeigniter-ion-auth.git",
                "reference": "42be7249b4124338b8fc25a660eaf778ba0b342b"
            },
            "dist": {
                "type": "zip",
                "url": "https://api.github.com/repos/andri-sudarmawijaya/codeigniter-ion-auth/zipball/42be7249b4124338b8fc25a660eaf778ba0b342b",
                "reference": "42be7249b4124338b8fc25a660eaf778ba0b342b",
                "shasum": ""
            },
            "require": {
                "php": ">=5.6"
            },
            "type": "library",
            "notification-url": "https://packagist.org/downloads/",
            "license": [
                "MIT"
            ],
            "authors": [
                {
                    "name": "Ben EDMUNDS"
                }
            ],
            "description": "Simple and Lightweight Auth System for CodeIgniter",
            "homepage": "http://benedmunds.com/ion_auth",
            "support": {
                "source": "https://github.com/andri-sudarmawijaya/codeigniter-ion-auth/tree/3"
            },
            "time": "2021-08-15T09:26:36+00:00"
        },
        {
            "name": "coreui/coreui",
            "version": "v4.0.1",
            "source": {
                "type": "git",
                "url": "https://github.com/coreui/coreui.git",
                "reference": "8e84bd5bd12f0ddcd55c4cce06c848a26e0625a8"
            },
            "dist": {
                "type": "zip",
                "url": "https://api.github.com/repos/coreui/coreui/zipball/8e84bd5bd12f0ddcd55c4cce06c848a26e0625a8",
                "reference": "8e84bd5bd12f0ddcd55c4cce06c848a26e0625a8",
                "shasum": ""
            },
            "replace": {
                "coreui/coreui": "self.version"
            },
            "type": "library",
            "notification-url": "https://packagist.org/downloads/",
            "license": [
                "MIT"
            ],
            "authors": [
                {
                    "name": "The CoreUI Team",
                    "homepage": "https://github.com/orgs/coreui/people"
                }
            ],
            "description": "The most popular front-end framework for developing responsive, mobile-first projects on the web rewritten and maintain by the CoreUI Team",
            "homepage": "https://coreui.io/",
            "keywords": [
                "JS",
                "css",
                "framework",
                "front-end",
                "mobile-first",
                "responsive",
                "sass",
                "web"
            ],
            "support": {
                "issues": "https://github.com/coreui/coreui/issues",
                "source": "https://github.com/coreui/coreui/tree/v4.0.1"
            },
            "funding": [
                {
                    "url": "https://coreui.io/pro/",
                    "type": "custom"
                }
            ],
            "time": "2021-07-05T14:56:15+00:00"
        }
    ],
    "packages-dev": [],
    "aliases": [],
    "minimum-stability": "dev",
    "stability-flags": [],
    "prefer-stable": false,
    "prefer-lowest": false,
    "platform": [],
    "platform-dev": [],
    "plugin-api-version": "2.1.0"
}
